
Microsoft Visual Studio Solution File, Format Version 12.00
# Visual Studio Version 16
VisualStudioVersion = 16.0.29911.84
MinimumVisualStudioVersion = 10.0.40219.1
Project("{9A19103F-16F7-4668-BE54-9A1E7A4F7556}") = "ProjektMAS", "ProjektMAS\ProjektMAS.csproj", "{68EE92E8-12B2-4C6C-875E-99C7C7A312CA}"
EndProject
Project("{9A19103F-16F7-4668-BE54-9A1E7A4F7556}") = "MP_01", "MP_01\MP_01.csproj", "{81108618-3332-476C-98CE-4D3CF4550C22}"
EndProject
Project("{9A19103F-16F7-4668-BE54-9A1E7A4F7556}") = "SerializationTest", "SerializationTest\SerializationTest.csproj", "{DE13F97D-18C6-462F-8B81-3418B35547CE}"
EndProject
Project("{FAE04EC0-301F-11D3-BF4B-00C04F79EFBC}") = "MP_02", "MP_02\MP_02.csproj", "{3A860482-7BBF-45AC-89A1-F297D8B63AB3}"
EndProject
Global
	GlobalSection(SolutionConfigurationPlatforms) = preSolution
		Debug|Any CPU = Debug|Any CPU
		Release|Any CPU = Release|Any CPU
	EndGlobalSection
	GlobalSection(ProjectConfigurationPlatforms) = postSolution
		{68EE92E8-12B2-4C6C-875E-99C7C7A312CA}.Debug|Any CPU.ActiveCfg = Debug|Any CPU
		{68EE92E8-12B2-4C6C-875E-99C7C7A312CA}.Debug|Any CPU.Build.0 = Debug|Any CPU
		{68EE92E8-12B2-4C6C-875E-99C7C7A312CA}.Release|Any CPU.ActiveCfg = Release|Any CPU
		{68EE92E8-12B2-4C6C-875E-99C7C7A312CA}.Release|Any CPU.Build.0 = Release|Any CPU
		{81108618-3332-476C-98CE-4D3CF4550C22}.Debug|Any CPU.ActiveCfg = Debug|Any CPU
		{81108618-3332-476C-98CE-4D3CF4550C22}.Debug|Any CPU.Build.0 = Debug|Any CPU
		{81108618-3332-476C-98CE-4D3CF4550C22}.Release|Any CPU.ActiveCfg = Release|Any CPU
		{81108618-3332-476C-98CE-4D3CF4550C22}.Release|Any CPU.Build.0 = Release|Any CPU
		{DE13F97D-18C6-462F-8B81-3418B35547CE}.Debug|Any CPU.ActiveCfg = Debug|Any CPU
		{DE13F97D-18C6-462F-8B81-3418B35547CE}.Debug|Any CPU.Build.0 = Debug|Any CPU
		{DE13F97D-18C6-462F-8B81-3418B35547CE}.Release|Any CPU.ActiveCfg = Release|Any CPU
		{DE13F97D-18C6-462F-8B81-3418B35547CE}.Release|Any CPU.Build.0 = Release|Any CPU
		{3A860482-7BBF-45AC-89A1-F297D8B63AB3}.Debug|Any CPU.ActiveCfg = Debug|Any CPU
		{3A860482-7BBF-45AC-89A1-F297D8B63AB3}.Debug|Any CPU.Build.0 = Debug|Any CPU
		{3A860482-7BBF-45AC-89A1-F297D8B63AB3}.Release|Any CPU.ActiveCfg = Release|Any CPU
		{3A860482-7BBF-45AC-89A1-F297D8B63AB3}.Release|Any CPU.Build.0 = Release|Any CPU
	EndGlobalSection
	GlobalSection(SolutionProperties) = preSolution
		HideSolutionNode = FALSE
	EndGlobalSection
	GlobalSection(ExtensibilityGlobals) = postSolution
		SolutionGuid = {DC6027A4-E2A3-4A68-A7B3-9F151F767C6B}
	EndGlobalSection
EndGlobal
